
Microsoft Visual Studio Solution File, Format Version 12.00
# Visual Studio Version 16
VisualStudioVersion = 16.0.29519.181
MinimumVisualStudioVersion = 10.0.40219.1
Project("{FAE04EC0-301F-11D3-BF4B-00C04F79EFBC}") = "ExpressionTrees", "ExpressionTrees\ExpressionTrees.csproj", "{840C11D6-03CC-40C8-A704-B62B4A121C96}"
EndProject
Global
	GlobalSection(SolutionConfigurationPlatforms) = preSolution
		Debug|Any CPU = Debug|Any CPU
		Release|Any CPU = Release|Any CPU
	EndGlobalSection
	GlobalSection(ProjectConfigurationPlatforms) = postSolution
		{840C11D6-03CC-40C8-A704-B62B4A121C96}.Debug|Any CPU.ActiveCfg = Debug|Any CPU
		{840C11D6-03CC-40C8-A704-B62B4A121C96}.Debug|Any CPU.Build.0 = Debug|Any CPU
		{840C11D6-03CC-40C8-A704-B62B4A121C96}.Release|Any CPU.ActiveCfg = Release|Any CPU
		{840C11D6-03CC-40C8-A704-B62B4A121C96}.Release|Any CPU.Build.0 = Release|Any CPU
	EndGlobalSection
	GlobalSection(SolutionProperties) = preSolution
		HideSolutionNode = FALSE
	EndGlobalSection
	GlobalSection(ExtensibilityGlobals) = postSolution
		SolutionGuid = {D52EC0E0-5DF5-43D9-BEFF-E0E2FFCD0ABE}
	EndGlobalSection
EndGlobal
